
Microsoft Visual Studio Solution File, Format Version 12.00
# Visual Studio Version 16
VisualStudioVersion = 16.0.31112.23
MinimumVisualStudioVersion = 10.0.40219.1
Project("{FAE04EC0-301F-11D3-BF4B-00C04F79EFBC}") = "curso.api", "curso.api\curso.api.csproj", "{A14725AE-B9E0-4717-B90E-F5F90EDEF3F5}"
EndProject
Global
	GlobalSection(SolutionConfigurationPlatforms) = preSolution
		Debug|Any CPU = Debug|Any CPU
		Release|Any CPU = Release|Any CPU
	EndGlobalSection
	GlobalSection(ProjectConfigurationPlatforms) = postSolution
		{A14725AE-B9E0-4717-B90E-F5F90EDEF3F5}.Debug|Any CPU.ActiveCfg = Debug|Any CPU
		{A14725AE-B9E0-4717-B90E-F5F90EDEF3F5}.Debug|Any CPU.Build.0 = Debug|Any CPU
		{A14725AE-B9E0-4717-B90E-F5F90EDEF3F5}.Release|Any CPU.ActiveCfg = Release|Any CPU
		{A14725AE-B9E0-4717-B90E-F5F90EDEF3F5}.Release|Any CPU.Build.0 = Release|Any CPU
	EndGlobalSection
	GlobalSection(SolutionProperties) = preSolution
		HideSolutionNode = FALSE
	EndGlobalSection
	GlobalSection(ExtensibilityGlobals) = postSolution
		SolutionGuid = {BC05C1B6-F58B-4E50-A05F-7C3D21AC42BC}
	EndGlobalSection
EndGlobal
